// !$*UTF8*$!
{
	archiveVersion = 1;
	classes = {
	};
	objectVersion = 45;
	objects = {

/* Begin PBXBuildFile section */
		1DDD58160DA1D0A300B32029 /* MainMenu.xib in Resources */ = {isa = PBXBuildFile; fileRef = 1DDD58140DA1D0A300B32029 /* MainMenu.xib */; };
		2200CD5111EC59530093713C /* AsyncUdpSocket.m in Sources */ = {isa = PBXBuildFile; fileRef = 2200CD5011EC59530093713C /* AsyncUdpSocket.m */; };
		2231DCD811EDB672001560EE /* PortMapper.m in Sources */ = {isa = PBXBuildFile; fileRef = 2231DCD711EDB672001560EE /* PortMapper.m */; };
		22C63EB411F3A7B00018C2F9 /* NSData+ProxyPacket.m in Sources */ = {isa = PBXBuildFile; fileRef = 22C63EB311F3A7B00018C2F9 /* NSData+ProxyPacket.m */; };
		22C63EEB11F3EBE30018C2F9 /* NSString+MacAddress.m in Sources */ = {isa = PBXBuildFile; fileRef = 22C63EEA11F3EBE30018C2F9 /* NSString+MacAddress.m */; };
		22C63EEE11F3EC390018C2F9 /* NSArray+ProxyList.m in Sources */ = {isa = PBXBuildFile; fileRef = 22C63EED11F3EC390018C2F9 /* NSArray+ProxyList.m */; };
		22C63EF111F3EC8F0018C2F9 /* ProxyInfo.m in Sources */ = {isa = PBXBuildFile; fileRef = 22C63EF011F3EC8F0018C2F9 /* ProxyInfo.m */; };
		22D6570E11F0321500A13027 /* XboxProxyController.m in Sources */ = {isa = PBXBuildFile; fileRef = 22D6570D11F0321500A13027 /* XboxProxyController.m */; };
		22F5F1EB11EA3F6900AA933B /* XboxProxy.m in Sources */ = {isa = PBXBuildFile; fileRef = 22F5F1EA11EA3F6900AA933B /* XboxProxy.m */; };
		22F8DA4811EC57FD00EC4784 /* PcapListener.m in Sources */ = {isa = PBXBuildFile; fileRef = 22F8DA4711EC57FD00EC4784 /* PcapListener.m */; };
		256AC3DA0F4B6AC300CF3369 /* SlinkAppDelegate.m in Sources */ = {isa = PBXBuildFile; fileRef = 256AC3D90F4B6AC300CF3369 /* SlinkAppDelegate.m */; };
		8D11072B0486CEB800E47090 /* InfoPlist.strings in Resources */ = {isa = PBXBuildFile; fileRef = 089C165CFE840E0CC02AAC07 /* InfoPlist.strings */; };
		8D11072D0486CEB800E47090 /* main.m in Sources */ = {isa = PBXBuildFile; fileRef = 29B97316FDCFA39411CA2CEA /* main.m */; settings = {ATTRIBUTES = (); }; };
		8D11072F0486CEB800E47090 /* Cocoa.framework in Frameworks */ = {isa = PBXBuildFile; fileRef = 1058C7A1FEA54F0111CA2CBB /* Cocoa.framework */; };
/* End PBXBuildFile section */

/* Begin PBXFileReference section */
		089C165DFE840E0CC02AAC07 /* English */ = {isa = PBXFileReference; fileEncoding = 4; lastKnownFileType = text.plist.strings; name = English; path = English.lproj/InfoPlist.strings; sourceTree = "<group>"; };
		1058C7A1FEA54F0111CA2CBB /* Cocoa.framework */ = {isa = PBXFileReference; lastKnownFileType = wrapper.framework; name = Cocoa.framework; path = /System/Library/Frameworks/Cocoa.framework; sourceTree = "<absolute>"; };
		13E42FB307B3F0F600E4EEF1 /* CoreData.framework */ = {isa = PBXFileReference; lastKnownFileType = wrapper.framework; name = CoreData.framework; path = /System/Library/Frameworks/CoreData.framework; sourceTree = "<absolute>"; };
		1DDD58150DA1D0A300B32029 /* English */ = {isa = PBXFileReference; lastKnownFileType = file.xib; name = English; path = English.lproj/MainMenu.xib; sourceTree = "<group>"; };
		2200CD4F11EC59530093713C /* AsyncUdpSocket.h */ = {isa = PBXFileReference; fileEncoding = 4; lastKnownFileType = sourcecode.c.h; path = AsyncUdpSocket.h; sourceTree = "<group>"; };
		2200CD5011EC59530093713C /* AsyncUdpSocket.m */ = {isa = PBXFileReference; fileEncoding = 4; lastKnownFileType = sourcecode.c.objc; path = AsyncUdpSocket.m; sourceTree = "<group>"; };
		2231DCD611EDB672001560EE /* PortMapper.h */ = {isa = PBXFileReference; fileEncoding = 4; lastKnownFileType = sourcecode.c.h; path = PortMapper.h; sourceTree = "<group>"; };
		2231DCD711EDB672001560EE /* PortMapper.m */ = {isa = PBXFileReference; fileEncoding = 4; lastKnownFileType = sourcecode.c.objc; path = PortMapper.m; sourceTree = "<group>"; };
		22C63EB211F3A7B00018C2F9 /* NSData+ProxyPacket.h */ = {isa = PBXFileReference; fileEncoding = 4; lastKnownFileType = sourcecode.c.h; path = "NSData+ProxyPacket.h"; sourceTree = "<group>"; };
		22C63EB311F3A7B00018C2F9 /* NSData+ProxyPacket.m */ = {isa = PBXFileReference; fileEncoding = 4; lastKnownFileType = sourcecode.c.objc; path = "NSData+ProxyPacket.m"; sourceTree = "<group>"; };
		22C63EE911F3EBE30018C2F9 /* NSString+MacAddress.h */ = {isa = PBXFileReference; fileEncoding = 4; lastKnownFileType = sourcecode.c.h; path = "NSString+MacAddress.h"; sourceTree = "<group>"; };
		22C63EEA11F3EBE30018C2F9 /* NSString+MacAddress.m */ = {isa = PBXFileReference; fileEncoding = 4; lastKnownFileType = sourcecode.c.objc; path = "NSString+MacAddress.m"; sourceTree = "<group>"; };
		22C63EEC11F3EC390018C2F9 /* NSArray+ProxyList.h */ = {isa = PBXFileReference; fileEncoding = 4; lastKnownFileType = sourcecode.c.h; path = "NSArray+ProxyList.h"; sourceTree = "<group>"; };
		22C63EED11F3EC390018C2F9 /* NSArray+ProxyList.m */ = {isa = PBXFileReference; fileEncoding = 4; lastKnownFileType = sourcecode.c.objc; path = "NSArray+ProxyList.m"; sourceTree = "<group>"; };
		22C63EEF11F3EC8F0018C2F9 /* ProxyInfo.h */ = {isa = PBXFileReference; fileEncoding = 4; lastKnownFileType = sourcecode.c.h; path = ProxyInfo.h; sourceTree = "<group>"; };
		22C63EF011F3EC8F0018C2F9 /* ProxyInfo.m */ = {isa = PBXFileReference; fileEncoding = 4; lastKnownFileType = sourcecode.c.objc; path = ProxyInfo.m; sourceTree = "<group>"; };
		22C63F3D11F412B00018C2F9 /* ProxyTypes.h */ = {isa = PBXFileReference; fileEncoding = 4; lastKnownFileType = sourcecode.c.h; path = ProxyTypes.h; sourceTree = "<group>"; };
		22D6570C11F0321500A13027 /* XboxProxyController.h */ = {isa = PBXFileReference; fileEncoding = 4; lastKnownFileType = sourcecode.c.h; path = XboxProxyController.h; sourceTree = "<group>"; };
		22D6570D11F0321500A13027 /* XboxProxyController.m */ = {isa = PBXFileReference; fileEncoding = 4; lastKnownFileType = sourcecode.c.objc; path = XboxProxyController.m; sourceTree = "<group>"; };
		22F5F1E911EA3F6900AA933B /* XboxProxy.h */ = {isa = PBXFileReference; fileEncoding = 4; lastKnownFileType = sourcecode.c.h; path = XboxProxy.h; sourceTree = "<group>"; };
		22F5F1EA11EA3F6900AA933B /* XboxProxy.m */ = {isa = PBXFileReference; fileEncoding = 4; lastKnownFileType = sourcecode.c.objc; path = XboxProxy.m; sourceTree = "<group>"; };
		22F8DA4611EC57FD00EC4784 /* PcapListener.h */ = {isa = PBXFileReference; fileEncoding = 4; lastKnownFileType = sourcecode.c.h; path = PcapListener.h; sourceTree = "<group>"; };
		22F8DA4711EC57FD00EC4784 /* PcapListener.m */ = {isa = PBXFileReference; fileEncoding = 4; lastKnownFileType = sourcecode.c.objc; path = PcapListener.m; sourceTree = "<group>"; };
		256AC3D80F4B6AC300CF3369 /* SlinkAppDelegate.h */ = {isa = PBXFileReference; fileEncoding = 4; lastKnownFileType = sourcecode.c.h; path = SlinkAppDelegate.h; sourceTree = "<group>"; };
		256AC3D90F4B6AC300CF3369 /* SlinkAppDelegate.m */ = {isa = PBXFileReference; fileEncoding = 4; lastKnownFileType = sourcecode.c.objc; path = SlinkAppDelegate.m; sourceTree = "<group>"; };
		256AC3F00F4B6AF500CF3369 /* Slink_Prefix.pch */ = {isa = PBXFileReference; fileEncoding = 4; lastKnownFileType = sourcecode.c.h; path = Slink_Prefix.pch; sourceTree = "<group>"; };
		29B97316FDCFA39411CA2CEA /* main.m */ = {isa = PBXFileReference; fileEncoding = 4; lastKnownFileType = sourcecode.c.objc; path = main.m; sourceTree = "<group>"; };
		29B97324FDCFA39411CA2CEA /* AppKit.framework */ = {isa = PBXFileReference; lastKnownFileType = wrapper.framework; name = AppKit.framework; path = /System/Library/Frameworks/AppKit.framework; sourceTree = "<absolute>"; };
		29B97325FDCFA39411CA2CEA /* Foundation.framework */ = {isa = PBXFileReference; lastKnownFileType = wrapper.framework; name = Foundation.framework; path = /System/Library/Frameworks/Foundation.framework; sourceTree = "<absolute>"; };
		8D1107310486CEB800E47090 /* Slink-Info.plist */ = {isa = PBXFileReference; fileEncoding = 4; lastKnownFileType = text.plist.xml; path = "Slink-Info.plist"; sourceTree = "<group>"; };
		8D1107320486CEB800E47090 /* Slink.app */ = {isa = PBXFileReference; explicitFileType = wrapper.application; includeInIndex = 0; path = Slink.app; sourceTree = BUILT_PRODUCTS_DIR; };
/* End PBXFileReference section */

/* Begin PBXFrameworksBuildPhase section */
		8D11072E0486CEB800E47090 /* Frameworks */ = {
			isa = PBXFrameworksBuildPhase;
			buildActionMask = 2147483647;
			files = (
				8D11072F0486CEB800E47090 /* Cocoa.framework in Frameworks */,
			);
			runOnlyForDeploymentPostprocessing = 0;
		};
/* End PBXFrameworksBuildPhase section */

/* Begin PBXGroup section */
		080E96DDFE201D6D7F000001 /* Classes */ = {
			isa = PBXGroup;
			children = (
				22D6570C11F0321500A13027 /* XboxProxyController.h */,
				22D6570D11F0321500A13027 /* XboxProxyController.m */,
				2231DCDA11EDB675001560EE /* PortMapper */,
				2200CD5311EC595C0093713C /* AsyncUdpSocket */,
				22F8DA4511EC57FD00EC4784 /* PcapListener */,
				256AC3D80F4B6AC300CF3369 /* SlinkAppDelegate.h */,
				256AC3D90F4B6AC300CF3369 /* SlinkAppDelegate.m */,
				22F5F1E911EA3F6900AA933B /* XboxProxy.h */,
				22F5F1EA11EA3F6900AA933B /* XboxProxy.m */,
				22C63EB511F3A8F60018C2F9 /* ProxyTypes */,
			);
			name = Classes;
			sourceTree = "<group>";
		};
		1058C7A0FEA54F0111CA2CBB /* Linked Frameworks */ = {
			isa = PBXGroup;
			children = (
				1058C7A1FEA54F0111CA2CBB /* Cocoa.framework */,
			);
			name = "Linked Frameworks";
			sourceTree = "<group>";
		};
		1058C7A2FEA54F0111CA2CBB /* Other Frameworks */ = {
			isa = PBXGroup;
			children = (
				29B97324FDCFA39411CA2CEA /* AppKit.framework */,
				13E42FB307B3F0F600E4EEF1 /* CoreData.framework */,
				29B97325FDCFA39411CA2CEA /* Foundation.framework */,
			);
			name = "Other Frameworks";
			sourceTree = "<group>";
		};
		19C28FACFE9D520D11CA2CBB /* Products */ = {
			isa = PBXGroup;
			children = (
				8D1107320486CEB800E47090 /* Slink.app */,
			);
			name = Products;
			sourceTree = "<group>";
		};
		2200CD5311EC595C0093713C /* AsyncUdpSocket */ = {
			isa = PBXGroup;
			children = (
				2200CD4F11EC59530093713C /* AsyncUdpSocket.h */,
				2200CD5011EC59530093713C /* AsyncUdpSocket.m */,
			);
			name = AsyncUdpSocket;
			sourceTree = "<group>";
		};
		2231DCDA11EDB675001560EE /* PortMapper */ = {
			isa = PBXGroup;
			children = (
				2231DCD611EDB672001560EE /* PortMapper.h */,
				2231DCD711EDB672001560EE /* PortMapper.m */,
			);
			name = PortMapper;
			sourceTree = "<group>";
		};
		22C63EB511F3A8F60018C2F9 /* ProxyTypes */ = {
			isa = PBXGroup;
			children = (
				22C63EB211F3A7B00018C2F9 /* NSData+ProxyPacket.h */,
				22C63EB311F3A7B00018C2F9 /* NSData+ProxyPacket.m */,
				22C63EE911F3EBE30018C2F9 /* NSString+MacAddress.h */,
				22C63EEA11F3EBE30018C2F9 /* NSString+MacAddress.m */,
				22C63EEC11F3EC390018C2F9 /* NSArray+ProxyList.h */,
				22C63EED11F3EC390018C2F9 /* NSArray+ProxyList.m */,
				22C63EEF11F3EC8F0018C2F9 /* ProxyInfo.h */,
				22C63EF011F3EC8F0018C2F9 /* ProxyInfo.m */,
				22C63F3D11F412B00018C2F9 /* ProxyTypes.h */,
			);
			name = ProxyTypes;
			sourceTree = "<group>";
		};
		22F8DA4511EC57FD00EC4784 /* PcapListener */ = {
			isa = PBXGroup;
			children = (
				22F8DA4611EC57FD00EC4784 /* PcapListener.h */,
				22F8DA4711EC57FD00EC4784 /* PcapListener.m */,
			);
			name = PcapListener;
			sourceTree = "<group>";
		};
		29B97314FDCFA39411CA2CEA /* Slink */ = {
			isa = PBXGroup;
			children = (
				080E96DDFE201D6D7F000001 /* Classes */,
				29B97315FDCFA39411CA2CEA /* Other Sources */,
				29B97317FDCFA39411CA2CEA /* Resources */,
				29B97323FDCFA39411CA2CEA /* Frameworks */,
				19C28FACFE9D520D11CA2CBB /* Products */,
			);
			name = Slink;
			sourceTree = "<group>";
		};
		29B97315FDCFA39411CA2CEA /* Other Sources */ = {
			isa = PBXGroup;
			children = (
				256AC3F00F4B6AF500CF3369 /* Slink_Prefix.pch */,
				29B97316FDCFA39411CA2CEA /* main.m */,
			);
			name = "Other Sources";
			sourceTree = "<group>";
		};
		29B97317FDCFA39411CA2CEA /* Resources */ = {
			isa = PBXGroup;
			children = (
				8D1107310486CEB800E47090 /* Slink-Info.plist */,
				089C165CFE840E0CC02AAC07 /* InfoPlist.strings */,
				1DDD58140DA1D0A300B32029 /* MainMenu.xib */,
			);
			name = Resources;
			sourceTree = "<group>";
		};
		29B97323FDCFA39411CA2CEA /* Frameworks */ = {
			isa = PBXGroup;
			children = (
				1058C7A0FEA54F0111CA2CBB /* Linked Frameworks */,
				1058C7A2FEA54F0111CA2CBB /* Other Frameworks */,
			);
			name = Frameworks;
			sourceTree = "<group>";
		};
/* End PBXGroup section */

/* Begin PBXNativeTarget section */
		8D1107260486CEB800E47090 /* Slink */ = {
			isa = PBXNativeTarget;
			buildConfigurationList = C01FCF4A08A954540054247B /* Build configuration list for PBXNativeTarget "Slink" */;
			buildPhases = (
				8D1107290486CEB800E47090 /* Resources */,
				8D11072C0486CEB800E47090 /* Sources */,
				8D11072E0486CEB800E47090 /* Frameworks */,
			);
			buildRules = (
			);
			dependencies = (
			);
			name = Slink;
			productInstallPath = "$(HOME)/Applications";
			productName = Slink;
			productReference = 8D1107320486CEB800E47090 /* Slink.app */;
			productType = "com.apple.product-type.application";
		};
/* End PBXNativeTarget section */

/* Begin PBXProject section */
		29B97313FDCFA39411CA2CEA /* Project object */ = {
			isa = PBXProject;
			buildConfigurationList = C01FCF4E08A954540054247B /* Build configuration list for PBXProject "Slink" */;
			compatibilityVersion = "Xcode 3.1";
			hasScannedForEncodings = 1;
			mainGroup = 29B97314FDCFA39411CA2CEA /* Slink */;
			projectDirPath = "";
			projectRoot = "";
			targets = (
				8D1107260486CEB800E47090 /* Slink */,
			);
		};
/* End PBXProject section */

/* Begin PBXResourcesBuildPhase section */
		8D1107290486CEB800E47090 /* Resources */ = {
			isa = PBXResourcesBuildPhase;
			buildActionMask = 2147483647;
			files = (
				8D11072B0486CEB800E47090 /* InfoPlist.strings in Resources */,
				1DDD58160DA1D0A300B32029 /* MainMenu.xib in Resources */,
			);
			runOnlyForDeploymentPostprocessing = 0;
		};
/* End PBXResourcesBuildPhase section */

/* Begin PBXSourcesBuildPhase section */
		8D11072C0486CEB800E47090 /* Sources */ = {
			isa = PBXSourcesBuildPhase;
			buildActionMask = 2147483647;
			files = (
				8D11072D0486CEB800E47090 /* main.m in Sources */,
				256AC3DA0F4B6AC300CF3369 /* SlinkAppDelegate.m in Sources */,
				22F5F1EB11EA3F6900AA933B /* XboxProxy.m in Sources */,
				22F8DA4811EC57FD00EC4784 /* PcapListener.m in Sources */,
				2200CD5111EC59530093713C /* AsyncUdpSocket.m in Sources */,
				2231DCD811EDB672001560EE /* PortMapper.m in Sources */,
				22D6570E11F0321500A13027 /* XboxProxyController.m in Sources */,
				22C63EB411F3A7B00018C2F9 /* NSData+ProxyPacket.m in Sources */,
				22C63EEB11F3EBE30018C2F9 /* NSString+MacAddress.m in Sources */,
				22C63EEE11F3EC390018C2F9 /* NSArray+ProxyList.m in Sources */,
				22C63EF111F3EC8F0018C2F9 /* ProxyInfo.m in Sources */,
			);
			runOnlyForDeploymentPostprocessing = 0;
		};
/* End PBXSourcesBuildPhase section */

/* Begin PBXVariantGroup section */
		089C165CFE840E0CC02AAC07 /* InfoPlist.strings */ = {
			isa = PBXVariantGroup;
			children = (
				089C165DFE840E0CC02AAC07 /* English */,
			);
			name = InfoPlist.strings;
			sourceTree = "<group>";
		};
		1DDD58140DA1D0A300B32029 /* MainMenu.xib */ = {
			isa = PBXVariantGroup;
			children = (
				1DDD58150DA1D0A300B32029 /* English */,
			);
			name = MainMenu.xib;
			sourceTree = "<group>";
		};
/* End PBXVariantGroup section */

/* Begin XCBuildConfiguration section */
		C01FCF4B08A954540054247B /* Debug */ = {
			isa = XCBuildConfiguration;
			buildSettings = {
				ALWAYS_SEARCH_USER_PATHS = NO;
				COPY_PHASE_STRIP = NO;
				GCC_DYNAMIC_NO_PIC = NO;
				GCC_ENABLE_FIX_AND_CONTINUE = YES;
				GCC_ENABLE_OBJC_GC = required;
				GCC_MODEL_TUNING = G5;
				GCC_OPTIMIZATION_LEVEL = 0;
				GCC_PRECOMPILE_PREFIX_HEADER = YES;
				GCC_PREFIX_HEADER = Slink_Prefix.pch;
				GCC_VERSION = com.apple.compilers.llvm.clang.1_0;
				HEADER_SEARCH_PATHS = /usr/local/include;
				INFOPLIST_FILE = "Slink-Info.plist";
				INSTALL_PATH = "$(HOME)/Applications";
				LIBRARY_SEARCH_PATHS = /usr/local/lib;
				OTHER_LDFLAGS = "-lpcap";
				PRODUCT_NAME = Slink;
				RUN_CLANG_STATIC_ANALYZER = YES;
			};
			name = Debug;
		};
		C01FCF4C08A954540054247B /* Release */ = {
			isa = XCBuildConfiguration;
			buildSettings = {
				ALWAYS_SEARCH_USER_PATHS = NO;
				DEBUG_INFORMATION_FORMAT = "dwarf-with-dsym";
				GCC_ENABLE_OBJC_GC = required;
				GCC_MODEL_TUNING = G5;
				GCC_PRECOMPILE_PREFIX_HEADER = YES;
				GCC_PREFIX_HEADER = Slink_Prefix.pch;
				GCC_VERSION = com.apple.compilers.llvm.clang.1_0;
				HEADER_SEARCH_PATHS = /usr/local/include;
				INFOPLIST_FILE = "Slink-Info.plist";
				INSTALL_PATH = "$(HOME)/Applications";
				LIBRARY_SEARCH_PATHS = /usr/local/lib;
				OTHER_LDFLAGS = "-lpcap";
				PRODUCT_NAME = Slink;
			};
			name = Release;
		};
		C01FCF4F08A954540054247B /* Debug */ = {
			isa = XCBuildConfiguration;
			buildSettings = {
				ARCHS = "$(ARCHS_STANDARD_32_64_BIT)";
				GCC_C_LANGUAGE_STANDARD = gnu99;
				GCC_OPTIMIZATION_LEVEL = 0;
				GCC_WARN_ABOUT_RETURN_TYPE = YES;
				GCC_WARN_UNUSED_VARIABLE = YES;
				ONLY_ACTIVE_ARCH = YES;
				PREBINDING = NO;
				SDKROOT = macosx10.6;
			};
			name = Debug;
		};
		C01FCF5008A954540054247B /* Release */ = {
			isa = XCBuildConfiguration;
			buildSettings = {
				ARCHS = "$(ARCHS_STANDARD_32_64_BIT)";
				GCC_C_LANGUAGE_STANDARD = gnu99;
				GCC_WARN_ABOUT_RETURN_TYPE = YES;
				GCC_WARN_UNUSED_VARIABLE = YES;
				PREBINDING = NO;
				SDKROOT = macosx10.6;
			};
			name = Release;
		};
/* End XCBuildConfiguration section */

/* Begin XCConfigurationList section */
		C01FCF4A08A954540054247B /* Build configuration list for PBXNativeTarget "Slink" */ = {
			isa = XCConfigurationList;
			buildConfigurations = (
				C01FCF4B08A954540054247B /* Debug */,
				C01FCF4C08A954540054247B /* Release */,
			);
			defaultConfigurationIsVisible = 0;
			defaultConfigurationName = Release;
		};
		C01FCF4E08A954540054247B /* Build configuration list for PBXProject "Slink" */ = {
			isa = XCConfigurationList;
			buildConfigurations = (
				C01FCF4F08A954540054247B /* Debug */,
				C01FCF5008A954540054247B /* Release */,
			);
			defaultConfigurationIsVisible = 0;
			defaultConfigurationName = Release;
		};
/* End XCConfigurationList section */
	};
	rootObject = 29B97313FDCFA39411CA2CEA /* Project object */;
}
